
Microsoft Visual Studio Solution File, Format Version 12.00
# Visual Studio Version 17
VisualStudioVersion = 17.5.33502.453
MinimumVisualStudioVersion = 10.0.40219.1
Project("{FAE04EC0-301F-11D3-BF4B-00C04F79EFBC}") = "work_01_MasterDetails", "work_01_MasterDetails\work_01_MasterDetails.csproj", "{9188BC11-DEC2-4833-A8B6-F6FB3F8AD565}"
EndProject
Global
	GlobalSection(SolutionConfigurationPlatforms) = preSolution
		Debug|Any CPU = Debug|Any CPU
		Release|Any CPU = Release|Any CPU
	EndGlobalSection
	GlobalSection(ProjectConfigurationPlatforms) = postSolution
		{9188BC11-DEC2-4833-A8B6-F6FB3F8AD565}.Debug|Any CPU.ActiveCfg = Debug|Any CPU
		{9188BC11-DEC2-4833-A8B6-F6FB3F8AD565}.Debug|Any CPU.Build.0 = Debug|Any CPU
		{9188BC11-DEC2-4833-A8B6-F6FB3F8AD565}.Release|Any CPU.ActiveCfg = Release|Any CPU
		{9188BC11-DEC2-4833-A8B6-F6FB3F8AD565}.Release|Any CPU.Build.0 = Release|Any CPU
	EndGlobalSection
	GlobalSection(SolutionProperties) = preSolution
		HideSolutionNode = FALSE
	EndGlobalSection
	GlobalSection(ExtensibilityGlobals) = postSolution
		SolutionGuid = {3BEBD82F-59B1-4321-BED3-2F98C5CB0F2D}
	EndGlobalSection
EndGlobal
